
Microsoft Visual Studio Solution File, Format Version 12.00
# Visual Studio Version 16
VisualStudioVersion = 16.0.30907.101
MinimumVisualStudioVersion = 10.0.40219.1
Project("{FAE04EC0-301F-11D3-BF4B-00C04F79EFBC}") = "InSharp", "InSharp\InSharp.csproj", "{17CF44E3-B60A-49C4-9A67-E33452DE448F}"
EndProject
Project("{FAE04EC0-301F-11D3-BF4B-00C04F79EFBC}") = "LowLevelOpsHelper", "LowLevelOpsHelper\LowLevelOpsHelper.csproj", "{045B160F-524F-4572-9238-E1E2DFE97B00}"
EndProject
Project("{FAE04EC0-301F-11D3-BF4B-00C04F79EFBC}") = "ShowCode", "ShowCode\ShowCode.csproj", "{869E5F18-CB3C-4B65-93E1-01B97AC2BC79}"
EndProject
Project("{FAE04EC0-301F-11D3-BF4B-00C04F79EFBC}") = "Test", "Test\Test.csproj", "{85E61D77-AADB-49F3-B10D-8247E795E591}"
EndProject
Global
	GlobalSection(SolutionConfigurationPlatforms) = preSolution
		Debug|Any CPU = Debug|Any CPU
		Release|Any CPU = Release|Any CPU
	EndGlobalSection
	GlobalSection(ProjectConfigurationPlatforms) = postSolution
		{17CF44E3-B60A-49C4-9A67-E33452DE448F}.Debug|Any CPU.ActiveCfg = Debug|Any CPU
		{17CF44E3-B60A-49C4-9A67-E33452DE448F}.Debug|Any CPU.Build.0 = Debug|Any CPU
		{17CF44E3-B60A-49C4-9A67-E33452DE448F}.Release|Any CPU.ActiveCfg = Release|Any CPU
		{17CF44E3-B60A-49C4-9A67-E33452DE448F}.Release|Any CPU.Build.0 = Release|Any CPU
		{045B160F-524F-4572-9238-E1E2DFE97B00}.Debug|Any CPU.ActiveCfg = Debug|Any CPU
		{045B160F-524F-4572-9238-E1E2DFE97B00}.Debug|Any CPU.Build.0 = Debug|Any CPU
		{045B160F-524F-4572-9238-E1E2DFE97B00}.Release|Any CPU.ActiveCfg = Release|Any CPU
		{045B160F-524F-4572-9238-E1E2DFE97B00}.Release|Any CPU.Build.0 = Release|Any CPU
		{869E5F18-CB3C-4B65-93E1-01B97AC2BC79}.Debug|Any CPU.ActiveCfg = Debug|Any CPU
		{869E5F18-CB3C-4B65-93E1-01B97AC2BC79}.Debug|Any CPU.Build.0 = Debug|Any CPU
		{869E5F18-CB3C-4B65-93E1-01B97AC2BC79}.Release|Any CPU.ActiveCfg = Release|Any CPU
		{869E5F18-CB3C-4B65-93E1-01B97AC2BC79}.Release|Any CPU.Build.0 = Release|Any CPU
		{85E61D77-AADB-49F3-B10D-8247E795E591}.Debug|Any CPU.ActiveCfg = Debug|Any CPU
		{85E61D77-AADB-49F3-B10D-8247E795E591}.Debug|Any CPU.Build.0 = Debug|Any CPU
		{85E61D77-AADB-49F3-B10D-8247E795E591}.Release|Any CPU.ActiveCfg = Release|Any CPU
		{85E61D77-AADB-49F3-B10D-8247E795E591}.Release|Any CPU.Build.0 = Release|Any CPU
	EndGlobalSection
	GlobalSection(SolutionProperties) = preSolution
		HideSolutionNode = FALSE
	EndGlobalSection
	GlobalSection(ExtensibilityGlobals) = postSolution
		SolutionGuid = {9C93F60E-B266-444D-A078-8FB77DCAD1BD}
	EndGlobalSection
EndGlobal
